
Microsoft Visual Studio Solution File, Format Version 12.00
# Visual Studio Version 16
VisualStudioVersion = 16.0.31515.178
MinimumVisualStudioVersion = 10.0.40219.1
Project("{FAE04EC0-301F-11D3-BF4B-00C04F79EFBC}") = "Lambda_sub", "Lambda_sub\Lambda_sub.csproj", "{2AED8B0F-FD3F-46E4-926D-C6104D2E66EC}"
EndProject
Global
	GlobalSection(SolutionConfigurationPlatforms) = preSolution
		Debug|Any CPU = Debug|Any CPU
		Release|Any CPU = Release|Any CPU
	EndGlobalSection
	GlobalSection(ProjectConfigurationPlatforms) = postSolution
		{2AED8B0F-FD3F-46E4-926D-C6104D2E66EC}.Debug|Any CPU.ActiveCfg = Debug|Any CPU
		{2AED8B0F-FD3F-46E4-926D-C6104D2E66EC}.Debug|Any CPU.Build.0 = Debug|Any CPU
		{2AED8B0F-FD3F-46E4-926D-C6104D2E66EC}.Release|Any CPU.ActiveCfg = Release|Any CPU
		{2AED8B0F-FD3F-46E4-926D-C6104D2E66EC}.Release|Any CPU.Build.0 = Release|Any CPU
	EndGlobalSection
	GlobalSection(SolutionProperties) = preSolution
		HideSolutionNode = FALSE
	EndGlobalSection
	GlobalSection(ExtensibilityGlobals) = postSolution
		SolutionGuid = {006BC221-71A1-497C-ACA3-B77854B06717}
	EndGlobalSection
EndGlobal
