
Microsoft Visual Studio Solution File, Format Version 12.00
# Visual Studio Version 16
VisualStudioVersion = 16.0.31515.178
MinimumVisualStudioVersion = 10.0.40219.1
Project("{FAE04EC0-301F-11D3-BF4B-00C04F79EFBC}") = "Final-chal-sub", "Final-chal-sub\Final-chal-sub.csproj", "{B5779468-D811-455C-9B98-B28D593C556E}"
EndProject
Global
	GlobalSection(SolutionConfigurationPlatforms) = preSolution
		Debug|Any CPU = Debug|Any CPU
		Release|Any CPU = Release|Any CPU
	EndGlobalSection
	GlobalSection(ProjectConfigurationPlatforms) = postSolution
		{B5779468-D811-455C-9B98-B28D593C556E}.Debug|Any CPU.ActiveCfg = Debug|Any CPU
		{B5779468-D811-455C-9B98-B28D593C556E}.Debug|Any CPU.Build.0 = Debug|Any CPU
		{B5779468-D811-455C-9B98-B28D593C556E}.Release|Any CPU.ActiveCfg = Release|Any CPU
		{B5779468-D811-455C-9B98-B28D593C556E}.Release|Any CPU.Build.0 = Release|Any CPU
	EndGlobalSection
	GlobalSection(SolutionProperties) = preSolution
		HideSolutionNode = FALSE
	EndGlobalSection
	GlobalSection(ExtensibilityGlobals) = postSolution
		SolutionGuid = {48435B30-6BE4-4EBC-A2C8-8F03916106B4}
	EndGlobalSection
EndGlobal
